
Microsoft Visual Studio Solution File, Format Version 12.00
# Visual Studio 15
VisualStudioVersion = 15.0.27004.2010
MinimumVisualStudioVersion = 10.0.40219.1
Project("{8BC9CEB8-8B4A-11D0-8D11-00A0C91BC942}") = "LearningVulkan", "LearningVulkan\LearningVulkan.vcxproj", "{58F3ADF9-A0F9-42FA-8EE1-65B0652B05A1}"
EndProject
Global
	GlobalSection(SolutionConfigurationPlatforms) = preSolution
		Debug|x64 = Debug|x64
		Debug|x86 = Debug|x86
		Release|x64 = Release|x64
		Release|x86 = Release|x86
	EndGlobalSection
	GlobalSection(ProjectConfigurationPlatforms) = postSolution
		{58F3ADF9-A0F9-42FA-8EE1-65B0652B05A1}.Debug|x64.ActiveCfg = Debug|x64
		{58F3ADF9-A0F9-42FA-8EE1-65B0652B05A1}.Debug|x64.Build.0 = Debug|x64
		{58F3ADF9-A0F9-42FA-8EE1-65B0652B05A1}.Debug|x86.ActiveCfg = Debug|Win32
		{58F3ADF9-A0F9-42FA-8EE1-65B0652B05A1}.Debug|x86.Build.0 = Debug|Win32
		{58F3ADF9-A0F9-42FA-8EE1-65B0652B05A1}.Release|x64.ActiveCfg = Release|x64
		{58F3ADF9-A0F9-42FA-8EE1-65B0652B05A1}.Release|x64.Build.0 = Release|x64
		{58F3ADF9-A0F9-42FA-8EE1-65B0652B05A1}.Release|x86.ActiveCfg = Release|Win32
		{58F3ADF9-A0F9-42FA-8EE1-65B0652B05A1}.Release|x86.Build.0 = Release|Win32
	EndGlobalSection
	GlobalSection(SolutionProperties) = preSolution
		HideSolutionNode = FALSE
	EndGlobalSection
	GlobalSection(ExtensibilityGlobals) = postSolution
		SolutionGuid = {E4520463-C664-4F63-B506-05132B076E18}
	EndGlobalSection
EndGlobal
